{
  "requires": true,
  "lockfileVersion": 1,
  "dependencies": {
    "vercel": {
      "version": "19.0.1",
      "resolved": "https://registry.npmjs.org/vercel/-/vercel-19.0.1.tgz",
      "integrity": "sha512-T8Qm9+3h/R89i6gUY1swGdfTMEV1I6KREEti3753i1x3ITYTh8NRpOP04ixP3/klELH1LXnfm44D/0sd9z/WXg=="
    }
  }
}
